
Microsoft Visual Studio Solution File, Format Version 12.00
# Visual Studio 2013
VisualStudioVersion = 12.0.31101.0
MinimumVisualStudioVersion = 10.0.40219.1
Project("{FAE04EC0-301F-11D3-BF4B-00C04F79EFBC}") = "AdapterSample", "AdapterSample\AdapterSample.csproj", "{A9CF8C85-25DB-4FE2-8373-905A9A84BF14}"
EndProject
Project("{FAE04EC0-301F-11D3-BF4B-00C04F79EFBC}") = "FacadeSample", "FacadeSample\FacadeSample.csproj", "{76EDD9FB-0094-488D-91B0-22E3CCFB6285}"
EndProject
Project("{FAE04EC0-301F-11D3-BF4B-00C04F79EFBC}") = "TemplateMethodSample", "TemplateMethodSample\TemplateMethodSample.csproj", "{4ABB2A06-BC21-416E-BB1A-36C4F33E0ABF}"
EndProject
Project("{FAE04EC0-301F-11D3-BF4B-00C04F79EFBC}") = "ObserverSample", "ObserverSample\ObserverSample.csproj", "{67540ECD-7C4E-43B8-B953-B41317AC313D}"
EndProject
Global
	GlobalSection(SolutionConfigurationPlatforms) = preSolution
		Debug|Any CPU = Debug|Any CPU
		Debug|Mixed Platforms = Debug|Mixed Platforms
		Debug|x86 = Debug|x86
		Release|Any CPU = Release|Any CPU
		Release|Mixed Platforms = Release|Mixed Platforms
		Release|x86 = Release|x86
	EndGlobalSection
	GlobalSection(ProjectConfigurationPlatforms) = postSolution
		{A9CF8C85-25DB-4FE2-8373-905A9A84BF14}.Debug|Any CPU.ActiveCfg = Debug|x86
		{A9CF8C85-25DB-4FE2-8373-905A9A84BF14}.Debug|Mixed Platforms.ActiveCfg = Debug|x86
		{A9CF8C85-25DB-4FE2-8373-905A9A84BF14}.Debug|Mixed Platforms.Build.0 = Debug|x86
		{A9CF8C85-25DB-4FE2-8373-905A9A84BF14}.Debug|x86.ActiveCfg = Debug|x86
		{A9CF8C85-25DB-4FE2-8373-905A9A84BF14}.Debug|x86.Build.0 = Debug|x86
		{A9CF8C85-25DB-4FE2-8373-905A9A84BF14}.Release|Any CPU.ActiveCfg = Release|x86
		{A9CF8C85-25DB-4FE2-8373-905A9A84BF14}.Release|Mixed Platforms.ActiveCfg = Release|x86
		{A9CF8C85-25DB-4FE2-8373-905A9A84BF14}.Release|Mixed Platforms.Build.0 = Release|x86
		{A9CF8C85-25DB-4FE2-8373-905A9A84BF14}.Release|x86.ActiveCfg = Release|x86
		{A9CF8C85-25DB-4FE2-8373-905A9A84BF14}.Release|x86.Build.0 = Release|x86
		{76EDD9FB-0094-488D-91B0-22E3CCFB6285}.Debug|Any CPU.ActiveCfg = Debug|x86
		{76EDD9FB-0094-488D-91B0-22E3CCFB6285}.Debug|Mixed Platforms.ActiveCfg = Debug|x86
		{76EDD9FB-0094-488D-91B0-22E3CCFB6285}.Debug|Mixed Platforms.Build.0 = Debug|x86
		{76EDD9FB-0094-488D-91B0-22E3CCFB6285}.Debug|x86.ActiveCfg = Debug|x86
		{76EDD9FB-0094-488D-91B0-22E3CCFB6285}.Debug|x86.Build.0 = Debug|x86
		{76EDD9FB-0094-488D-91B0-22E3CCFB6285}.Release|Any CPU.ActiveCfg = Release|x86
		{76EDD9FB-0094-488D-91B0-22E3CCFB6285}.Release|Mixed Platforms.ActiveCfg = Release|x86
		{76EDD9FB-0094-488D-91B0-22E3CCFB6285}.Release|Mixed Platforms.Build.0 = Release|x86
		{76EDD9FB-0094-488D-91B0-22E3CCFB6285}.Release|x86.ActiveCfg = Release|x86
		{76EDD9FB-0094-488D-91B0-22E3CCFB6285}.Release|x86.Build.0 = Release|x86
		{4ABB2A06-BC21-416E-BB1A-36C4F33E0ABF}.Debug|Any CPU.ActiveCfg = Debug|x86
		{4ABB2A06-BC21-416E-BB1A-36C4F33E0ABF}.Debug|Mixed Platforms.ActiveCfg = Debug|x86
		{4ABB2A06-BC21-416E-BB1A-36C4F33E0ABF}.Debug|Mixed Platforms.Build.0 = Debug|x86
		{4ABB2A06-BC21-416E-BB1A-36C4F33E0ABF}.Debug|x86.ActiveCfg = Debug|x86
		{4ABB2A06-BC21-416E-BB1A-36C4F33E0ABF}.Debug|x86.Build.0 = Debug|x86
		{4ABB2A06-BC21-416E-BB1A-36C4F33E0ABF}.Release|Any CPU.ActiveCfg = Release|x86
		{4ABB2A06-BC21-416E-BB1A-36C4F33E0ABF}.Release|Mixed Platforms.ActiveCfg = Release|x86
		{4ABB2A06-BC21-416E-BB1A-36C4F33E0ABF}.Release|Mixed Platforms.Build.0 = Release|x86
		{4ABB2A06-BC21-416E-BB1A-36C4F33E0ABF}.Release|x86.ActiveCfg = Release|x86
		{4ABB2A06-BC21-416E-BB1A-36C4F33E0ABF}.Release|x86.Build.0 = Release|x86
		{67540ECD-7C4E-43B8-B953-B41317AC313D}.Debug|Any CPU.ActiveCfg = Debug|Any CPU
		{67540ECD-7C4E-43B8-B953-B41317AC313D}.Debug|Any CPU.Build.0 = Debug|Any CPU
		{67540ECD-7C4E-43B8-B953-B41317AC313D}.Debug|Mixed Platforms.ActiveCfg = Debug|Any CPU
		{67540ECD-7C4E-43B8-B953-B41317AC313D}.Debug|Mixed Platforms.Build.0 = Debug|Any CPU
		{67540ECD-7C4E-43B8-B953-B41317AC313D}.Debug|x86.ActiveCfg = Debug|Any CPU
		{67540ECD-7C4E-43B8-B953-B41317AC313D}.Release|Any CPU.ActiveCfg = Release|Any CPU
		{67540ECD-7C4E-43B8-B953-B41317AC313D}.Release|Any CPU.Build.0 = Release|Any CPU
		{67540ECD-7C4E-43B8-B953-B41317AC313D}.Release|Mixed Platforms.ActiveCfg = Release|Any CPU
		{67540ECD-7C4E-43B8-B953-B41317AC313D}.Release|Mixed Platforms.Build.0 = Release|Any CPU
		{67540ECD-7C4E-43B8-B953-B41317AC313D}.Release|x86.ActiveCfg = Release|Any CPU
	EndGlobalSection
	GlobalSection(SolutionProperties) = preSolution
		HideSolutionNode = FALSE
	EndGlobalSection
EndGlobal
